
Microsoft Visual Studio Solution File, Format Version 12.00
# Visual Studio Version 17
VisualStudioVersion = 17.5.33530.505
MinimumVisualStudioVersion = 10.0.40219.1
Project("{FAE04EC0-301F-11D3-BF4B-00C04F79EFBC}") = "PR_1K", "PR_1K.csproj", "{F83111D5-8F67-4C71-B75C-D2D30D26CD69}"
EndProject
Global
	GlobalSection(SolutionConfigurationPlatforms) = preSolution
		Debug|Any CPU = Debug|Any CPU
		Release|Any CPU = Release|Any CPU
	EndGlobalSection
	GlobalSection(ProjectConfigurationPlatforms) = postSolution
		{F83111D5-8F67-4C71-B75C-D2D30D26CD69}.Debug|Any CPU.ActiveCfg = Debug|Any CPU
		{F83111D5-8F67-4C71-B75C-D2D30D26CD69}.Debug|Any CPU.Build.0 = Debug|Any CPU
		{F83111D5-8F67-4C71-B75C-D2D30D26CD69}.Release|Any CPU.ActiveCfg = Release|Any CPU
		{F83111D5-8F67-4C71-B75C-D2D30D26CD69}.Release|Any CPU.Build.0 = Release|Any CPU
	EndGlobalSection
	GlobalSection(SolutionProperties) = preSolution
		HideSolutionNode = FALSE
	EndGlobalSection
	GlobalSection(ExtensibilityGlobals) = postSolution
		SolutionGuid = {6C92B050-9049-48BD-BC97-DCF4CF5074F9}
	EndGlobalSection
EndGlobal
